
Microsoft Visual Studio Solution File, Format Version 12.00
# Visual Studio Version 17
VisualStudioVersion = 17.3.32804.467
MinimumVisualStudioVersion = 10.0.40219.1
Project("{9A19103F-16F7-4668-BE54-9A1E7A4F7556}") = "ReverseAString", "ReverseAString\ReverseAString.csproj", "{B2698C9D-823F-4D2C-B241-142677F04421}"
EndProject
Project("{2150E333-8FDC-42A3-9474-1A3956D46DE8}") = "StacksAndQueues", "StacksAndQueues", "{4CED27FB-ACBE-4FC2-94A2-D7BF67DB4506}"
EndProject
Project("{9A19103F-16F7-4668-BE54-9A1E7A4F7556}") = "StackSum", "StackSum\StackSum.csproj", "{94937C42-9049-4B5D-822E-5AAA47B5F431}"
EndProject
Project("{9A19103F-16F7-4668-BE54-9A1E7A4F7556}") = "SimpleCalculator", "SimpleCalculator\SimpleCalculator.csproj", "{96325A73-492F-4EA3-9619-E4A93DE6C8C3}"
EndProject
Project("{9A19103F-16F7-4668-BE54-9A1E7A4F7556}") = "MatchingBrackets", "MatchingBrackets\MatchingBrackets.csproj", "{A7BFB5EA-66F0-4ADE-A48B-DFAF082B4581}"
EndProject
Project("{9A19103F-16F7-4668-BE54-9A1E7A4F7556}") = "PrintEvenNumbers", "PrintEvenNumbers\PrintEvenNumbers.csproj", "{AC1DCFFC-AC9F-4C82-8D7C-AA9EA3DF343B}"
EndProject
Project("{9A19103F-16F7-4668-BE54-9A1E7A4F7556}") = "SuperMarket", "SuperMarket\SuperMarket.csproj", "{1A5BCF68-DEF8-4A60-A5A2-66C0EB059FFD}"
EndProject
Project("{9A19103F-16F7-4668-BE54-9A1E7A4F7556}") = "HotPotato", "HotPotato\HotPotato.csproj", "{9486E300-DFEB-484B-ADA4-9CA19E67508F}"
EndProject
Project("{9A19103F-16F7-4668-BE54-9A1E7A4F7556}") = "TrafficJam", "TrafficJam\TrafficJam.csproj", "{B2B556A9-62A0-49C0-8B78-101E4E1F601C}"
EndProject
Project("{9A19103F-16F7-4668-BE54-9A1E7A4F7556}") = "HotPotatoAlternativeSolution", "HotPotatoAlternativeSolution\HotPotatoAlternativeSolution.csproj", "{7BFF207D-0752-4D3C-8783-F798771D57FF}"
EndProject
Project("{2150E333-8FDC-42A3-9474-1A3956D46DE8}") = "StacksAndQueuesExercise", "StacksAndQueuesExercise", "{1DA641E4-FAC5-4664-8A60-2A2809513986}"
EndProject
Project("{9A19103F-16F7-4668-BE54-9A1E7A4F7556}") = "BasicStackOperations", "BasicStackOperations\BasicStackOperations.csproj", "{F50F3B79-BC26-4857-A7AD-6E64F10F4167}"
EndProject
Project("{9A19103F-16F7-4668-BE54-9A1E7A4F7556}") = "BasicQueueOperations", "BasicQueueOperations\BasicQueueOperations.csproj", "{19CA198D-2D6A-47F6-8172-69C044DE53B6}"
EndProject
Project("{9A19103F-16F7-4668-BE54-9A1E7A4F7556}") = "MaximumAndMinimumElement", "MaximumAndMinimumElement\MaximumAndMinimumElement.csproj", "{92172CB7-56EB-4504-A9EE-BE0D7AC38864}"
EndProject
Project("{9A19103F-16F7-4668-BE54-9A1E7A4F7556}") = "FastFood", "FastFood\FastFood.csproj", "{AD13F736-8625-4F32-BB5F-FEA58BECE1F0}"
EndProject
Project("{9A19103F-16F7-4668-BE54-9A1E7A4F7556}") = "FashionBoutique", "FashionBoutique\FashionBoutique.csproj", "{91BFEA64-9DA2-468D-B44C-BCBB73D737C7}"
EndProject
Project("{9A19103F-16F7-4668-BE54-9A1E7A4F7556}") = "SongsQueue", "SongsQueue\SongsQueue.csproj", "{AC2CB736-904A-4335-A875-EE71490DE218}"
EndProject
Project("{9A19103F-16F7-4668-BE54-9A1E7A4F7556}") = "TruckTour", "TruckTour\TruckTour.csproj", "{0DBAFA68-DB89-49A8-AD77-BE7F792D4DD9}"
EndProject
Project("{9A19103F-16F7-4668-BE54-9A1E7A4F7556}") = "BalancedParentheses", "BalancedParentheses\BalancedParentheses.csproj", "{6E4246B6-9BC3-45C5-B0F7-EEB36D78101A}"
EndProject
Project("{9A19103F-16F7-4668-BE54-9A1E7A4F7556}") = "SimpleTextEditor", "SimpleTextEditor\SimpleTextEditor.csproj", "{22D0FF3B-839B-4066-B5BF-BD66C68EA22F}"
EndProject
Project("{2150E333-8FDC-42A3-9474-1A3956D46DE8}") = "MultidimentionalArrays", "MultidimentionalArrays", "{9D052444-57E7-4640-9AA3-C9B67BAE6A14}"
EndProject
Project("{9A19103F-16F7-4668-BE54-9A1E7A4F7556}") = "SumMatrixElements", "SumMatrixElements\SumMatrixElements.csproj", "{86D3A8BF-50FB-4815-91BC-F7FB0DC29455}"
EndProject
Project("{9A19103F-16F7-4668-BE54-9A1E7A4F7556}") = "SumOfMatrixColumns", "SumOfMatrixColumns\SumOfMatrixColumns.csproj", "{79646243-92B0-4BFB-A3A4-EBEE7A56A2BA}"
EndProject
Project("{9A19103F-16F7-4668-BE54-9A1E7A4F7556}") = "SumOfPrimaryDiagonal", "SumOfPrimaryDiagonal\SumOfPrimaryDiagonal.csproj", "{4490FACD-FAA3-4627-ABD9-FE0C08AA918C}"
EndProject
Project("{9A19103F-16F7-4668-BE54-9A1E7A4F7556}") = "SymbolInMatrix", "SymbolInMatrix\SymbolInMatrix.csproj", "{8C7E6A41-8350-4C8C-B2D5-EE930E64921C}"
EndProject
Project("{9A19103F-16F7-4668-BE54-9A1E7A4F7556}") = "SquareWithMaxSum", "SquareWithMaxSum\SquareWithMaxSum.csproj", "{ADB94B2B-EC3F-4CA5-BAE0-BBA1EC06D41F}"
EndProject
Project("{9A19103F-16F7-4668-BE54-9A1E7A4F7556}") = "JaggedArrayModification", "JaggedArrayModification\JaggedArrayModification.csproj", "{DEF6A536-414E-43CD-ABD3-D42B47545224}"
EndProject
Project("{9A19103F-16F7-4668-BE54-9A1E7A4F7556}") = "PascalsTriangle", "PascalsTriangle\PascalsTriangle.csproj", "{80CB59DC-FC4B-4C26-A70B-33FB1B59F978}"
EndProject
Project("{2150E333-8FDC-42A3-9474-1A3956D46DE8}") = "MultidimentionalArraysExercise", "MultidimentionalArraysExercise", "{7E6F2E43-A3E6-43EB-A127-5B07A21B1393}"
EndProject
Project("{9A19103F-16F7-4668-BE54-9A1E7A4F7556}") = "DiagonalDifference", "DiagonalDifference\DiagonalDifference.csproj", "{5C4E521F-CABC-4DA0-9EDD-6C62D7ECCD3A}"
EndProject
Project("{9A19103F-16F7-4668-BE54-9A1E7A4F7556}") = "SquaresInMatrix", "SquaresInMatrix\SquaresInMatrix.csproj", "{68DF7B2E-ED77-4062-95C2-78257D154F08}"
EndProject
Project("{9A19103F-16F7-4668-BE54-9A1E7A4F7556}") = "MaximalSum", "MaximalSum\MaximalSum.csproj", "{BD37A428-7456-44BC-8C5C-6844537B5F61}"
EndProject
Project("{9A19103F-16F7-4668-BE54-9A1E7A4F7556}") = "MatrixShuffling", "MatrixShuffling\MatrixShuffling.csproj", "{CA5478C2-52E2-4C80-9AED-83DF08E43970}"
EndProject
Project("{9A19103F-16F7-4668-BE54-9A1E7A4F7556}") = "SnakeMoves", "SnakeMoves\SnakeMoves.csproj", "{23590944-F668-4729-BF2C-7882CB06D546}"
EndProject
Project("{9A19103F-16F7-4668-BE54-9A1E7A4F7556}") = "JaggedArrayManipulator", "JaggedArrayManipulator\JaggedArrayManipulator.csproj", "{77094DB7-61EE-4EFE-8F81-6A6CBF6913B8}"
EndProject
Project("{9A19103F-16F7-4668-BE54-9A1E7A4F7556}") = "KnightGame", "KnightGame\KnightGame.csproj", "{3F056E5A-2DBA-4B44-8A15-7D8AEE9A1468}"
EndProject
Project("{2150E333-8FDC-42A3-9474-1A3956D46DE8}") = "SetsAndDictionaries", "SetsAndDictionaries", "{66EDCCC2-5618-4FE8-938D-EF83EFBCC402}"
EndProject
Project("{9A19103F-16F7-4668-BE54-9A1E7A4F7556}") = "SameValuesInArray", "SameValuesInArray\SameValuesInArray.csproj", "{646BE396-ABA5-4272-BEB7-9235FA6A44C2}"
EndProject
Project("{9A19103F-16F7-4668-BE54-9A1E7A4F7556}") = "AvgStudentsGrades", "AvgStudentsGrades\AvgStudentsGrades.csproj", "{CA9AFFB6-3EDF-4E5B-B756-9B6D99B47D5A}"
EndProject
Project("{9A19103F-16F7-4668-BE54-9A1E7A4F7556}") = "Largest3Numbers", "Largest3Numbers\Largest3Numbers.csproj", "{5B16B8C6-388B-4EEE-9EF2-B4E778830897}"
EndProject
Project("{9A19103F-16F7-4668-BE54-9A1E7A4F7556}") = "ProductShop", "ProductShop\ProductShop.csproj", "{8DC991AE-8B6C-4BE3-83A6-5C2895EF998B}"
EndProject
Project("{9A19103F-16F7-4668-BE54-9A1E7A4F7556}") = "CitiesByContinentAndCountry", "CitiesByContinentAndCountry\CitiesByContinentAndCountry.csproj", "{215D3B5A-4609-4E5C-A758-571DB45ED98F}"
EndProject
Project("{9A19103F-16F7-4668-BE54-9A1E7A4F7556}") = "RecordUniqueNames", "RecordUniqueNames\RecordUniqueNames.csproj", "{20B79B7A-7E0B-4DFA-9B2E-D5B8E120D3F0}"
EndProject
Project("{9A19103F-16F7-4668-BE54-9A1E7A4F7556}") = "ParkingLot", "ParkingLot\ParkingLot.csproj", "{DCAD79E7-61E1-40D3-9D59-7D6084A2A991}"
EndProject
Project("{9A19103F-16F7-4668-BE54-9A1E7A4F7556}") = "SoftuniParty", "SoftuniParty\SoftuniParty.csproj", "{763C88C5-22EF-4985-B0D8-76A20CB78975}"
EndProject
Project("{2150E333-8FDC-42A3-9474-1A3956D46DE8}") = "SetsAndDictionariesExercise", "SetsAndDictionariesExercise", "{3033F70D-7414-4AB5-9F25-D1C49E45E7DE}"
EndProject
Project("{9A19103F-16F7-4668-BE54-9A1E7A4F7556}") = "UniqueUsernames", "UniqueUsernames\UniqueUsernames.csproj", "{40B4BF2D-C766-4AB7-9B79-371A1CB8F573}"
EndProject
Project("{9A19103F-16F7-4668-BE54-9A1E7A4F7556}") = "SetsOfElements", "SetsOfElements\SetsOfElements.csproj", "{DC69009D-062B-4CC9-93FA-AF19EF0A9699}"
EndProject
Project("{9A19103F-16F7-4668-BE54-9A1E7A4F7556}") = "PeriodicTable", "PeriodicTable\PeriodicTable.csproj", "{5A2BA1E2-7420-4E8B-922F-C89599053B7F}"
EndProject
Project("{9A19103F-16F7-4668-BE54-9A1E7A4F7556}") = "EvenTimes", "EvenTimes\EvenTimes.csproj", "{ACE9D2E1-716D-4A04-B8E4-E5E1120DCF7E}"
EndProject
Project("{9A19103F-16F7-4668-BE54-9A1E7A4F7556}") = "CountSymbols", "CountSymbols\CountSymbols.csproj", "{2D809C89-4D33-4E16-A457-DC5E1694CBE9}"
EndProject
Project("{9A19103F-16F7-4668-BE54-9A1E7A4F7556}") = "Wardrobe", "Wardrobe\Wardrobe.csproj", "{7368D14F-3493-45B3-9533-703202161B80}"
EndProject
Project("{2150E333-8FDC-42A3-9474-1A3956D46DE8}") = "FilesStreamsAndDirectories", "FilesStreamsAndDirectories", "{9A975583-DD25-4DA3-9506-8FA33AEEBB1F}"
EndProject
Project("{9A19103F-16F7-4668-BE54-9A1E7A4F7556}") = "OddLines", "OddLines\OddLines.csproj", "{97965ABD-536D-4952-AE58-273D80C1A11E}"
EndProject
Project("{9A19103F-16F7-4668-BE54-9A1E7A4F7556}") = "LineNumbers", "LineNumbers\LineNumbers.csproj", "{AFBA943F-13AB-4BD7-B5AB-AEE0C3F64307}"
EndProject
Project("{9A19103F-16F7-4668-BE54-9A1E7A4F7556}") = "WordCount", "WordCount\WordCount.csproj", "{6590014C-59A5-4C75-98EC-AC0ACAD72AA2}"
EndProject
Project("{9A19103F-16F7-4668-BE54-9A1E7A4F7556}") = "MergeFiles", "MergeFiles\MergeFiles.csproj", "{924BA61B-1C0C-4EBC-95CD-6D0445BCA782}"
EndProject
Project("{9A19103F-16F7-4668-BE54-9A1E7A4F7556}") = "ExtractSpecialBytes", "ExtractSpecialBytes\ExtractSpecialBytes.csproj", "{4821C06C-61F5-4C10-AAE4-7EEB37A48EFC}"
EndProject
Project("{9A19103F-16F7-4668-BE54-9A1E7A4F7556}") = "SplitMergeBinaryFile", "SplitMergeBinaryFile\SplitMergeBinaryFile.csproj", "{4E3E9F20-0E15-439A-A7BF-95817C2BCC71}"
EndProject
Project("{9A19103F-16F7-4668-BE54-9A1E7A4F7556}") = "FolderSize", "FolderSize\FolderSize.csproj", "{1FE78826-D03C-487E-8ABD-92B0755CE5D5}"
EndProject
Project("{2150E333-8FDC-42A3-9474-1A3956D46DE8}") = "FilesStreamsAndDirectoriesExercise", "FilesStreamsAndDirectoriesExercise", "{406AC17F-67C9-405F-A375-6A45DBD06905}"
EndProject
Project("{FAE04EC0-301F-11D3-BF4B-00C04F79EFBC}") = "EvenLines", "EvenLines\EvenLines.csproj", "{2FF0F884-557E-4E75-8161-A435435D5494}"
EndProject
Project("{FAE04EC0-301F-11D3-BF4B-00C04F79EFBC}") = "LineNumbersExercise", "LineNumbersExercise\LineNumbersExercise.csproj", "{E4E0163B-7977-4822-9179-975C51F45EF6}"
EndProject
Project("{FAE04EC0-301F-11D3-BF4B-00C04F79EFBC}") = "CopyBinaryFile", "CopyBinaryFile\CopyBinaryFile.csproj", "{A74A83BD-498C-4100-8E3B-BCEE54707495}"
EndProject
Project("{FAE04EC0-301F-11D3-BF4B-00C04F79EFBC}") = "DirectoryTraversal", "DirectoryTraversal\DirectoryTraversal.csproj", "{DB667B6B-3FE0-4E88-920E-815406254D6B}"
EndProject
Project("{FAE04EC0-301F-11D3-BF4B-00C04F79EFBC}") = "CopyDirectory", "CopyDirectory\CopyDirectory.csproj", "{83915649-536A-4CE2-B1F8-6B9A374B1CEF}"
EndProject
Project("{FAE04EC0-301F-11D3-BF4B-00C04F79EFBC}") = "ZipAndExtract", "ZipAndExtract\ZipAndExtract.csproj", "{E5A4C4D4-786F-4B92-8380-16726E9C536C}"
EndProject
Global
	GlobalSection(SolutionConfigurationPlatforms) = preSolution
		Debug|Any CPU = Debug|Any CPU
		Release|Any CPU = Release|Any CPU
	EndGlobalSection
	GlobalSection(ProjectConfigurationPlatforms) = postSolution
		{B2698C9D-823F-4D2C-B241-142677F04421}.Debug|Any CPU.ActiveCfg = Debug|Any CPU
		{B2698C9D-823F-4D2C-B241-142677F04421}.Debug|Any CPU.Build.0 = Debug|Any CPU
		{B2698C9D-823F-4D2C-B241-142677F04421}.Release|Any CPU.ActiveCfg = Release|Any CPU
		{B2698C9D-823F-4D2C-B241-142677F04421}.Release|Any CPU.Build.0 = Release|Any CPU
		{94937C42-9049-4B5D-822E-5AAA47B5F431}.Debug|Any CPU.ActiveCfg = Debug|Any CPU
		{94937C42-9049-4B5D-822E-5AAA47B5F431}.Debug|Any CPU.Build.0 = Debug|Any CPU
		{94937C42-9049-4B5D-822E-5AAA47B5F431}.Release|Any CPU.ActiveCfg = Release|Any CPU
		{94937C42-9049-4B5D-822E-5AAA47B5F431}.Release|Any CPU.Build.0 = Release|Any CPU
		{96325A73-492F-4EA3-9619-E4A93DE6C8C3}.Debug|Any CPU.ActiveCfg = Debug|Any CPU
		{96325A73-492F-4EA3-9619-E4A93DE6C8C3}.Debug|Any CPU.Build.0 = Debug|Any CPU
		{96325A73-492F-4EA3-9619-E4A93DE6C8C3}.Release|Any CPU.ActiveCfg = Release|Any CPU
		{96325A73-492F-4EA3-9619-E4A93DE6C8C3}.Release|Any CPU.Build.0 = Release|Any CPU
		{A7BFB5EA-66F0-4ADE-A48B-DFAF082B4581}.Debug|Any CPU.ActiveCfg = Debug|Any CPU
		{A7BFB5EA-66F0-4ADE-A48B-DFAF082B4581}.Debug|Any CPU.Build.0 = Debug|Any CPU
		{A7BFB5EA-66F0-4ADE-A48B-DFAF082B4581}.Release|Any CPU.ActiveCfg = Release|Any CPU
		{A7BFB5EA-66F0-4ADE-A48B-DFAF082B4581}.Release|Any CPU.Build.0 = Release|Any CPU
		{AC1DCFFC-AC9F-4C82-8D7C-AA9EA3DF343B}.Debug|Any CPU.ActiveCfg = Debug|Any CPU
		{AC1DCFFC-AC9F-4C82-8D7C-AA9EA3DF343B}.Debug|Any CPU.Build.0 = Debug|Any CPU
		{AC1DCFFC-AC9F-4C82-8D7C-AA9EA3DF343B}.Release|Any CPU.ActiveCfg = Release|Any CPU
		{AC1DCFFC-AC9F-4C82-8D7C-AA9EA3DF343B}.Release|Any CPU.Build.0 = Release|Any CPU
		{1A5BCF68-DEF8-4A60-A5A2-66C0EB059FFD}.Debug|Any CPU.ActiveCfg = Debug|Any CPU
		{1A5BCF68-DEF8-4A60-A5A2-66C0EB059FFD}.Debug|Any CPU.Build.0 = Debug|Any CPU
		{1A5BCF68-DEF8-4A60-A5A2-66C0EB059FFD}.Release|Any CPU.ActiveCfg = Release|Any CPU
		{1A5BCF68-DEF8-4A60-A5A2-66C0EB059FFD}.Release|Any CPU.Build.0 = Release|Any CPU
		{9486E300-DFEB-484B-ADA4-9CA19E67508F}.Debug|Any CPU.ActiveCfg = Debug|Any CPU
		{9486E300-DFEB-484B-ADA4-9CA19E67508F}.Debug|Any CPU.Build.0 = Debug|Any CPU
		{9486E300-DFEB-484B-ADA4-9CA19E67508F}.Release|Any CPU.ActiveCfg = Release|Any CPU
		{9486E300-DFEB-484B-ADA4-9CA19E67508F}.Release|Any CPU.Build.0 = Release|Any CPU
		{B2B556A9-62A0-49C0-8B78-101E4E1F601C}.Debug|Any CPU.ActiveCfg = Debug|Any CPU
		{B2B556A9-62A0-49C0-8B78-101E4E1F601C}.Debug|Any CPU.Build.0 = Debug|Any CPU
		{B2B556A9-62A0-49C0-8B78-101E4E1F601C}.Release|Any CPU.ActiveCfg = Release|Any CPU
		{B2B556A9-62A0-49C0-8B78-101E4E1F601C}.Release|Any CPU.Build.0 = Release|Any CPU
		{7BFF207D-0752-4D3C-8783-F798771D57FF}.Debug|Any CPU.ActiveCfg = Debug|Any CPU
		{7BFF207D-0752-4D3C-8783-F798771D57FF}.Debug|Any CPU.Build.0 = Debug|Any CPU
		{7BFF207D-0752-4D3C-8783-F798771D57FF}.Release|Any CPU.ActiveCfg = Release|Any CPU
		{7BFF207D-0752-4D3C-8783-F798771D57FF}.Release|Any CPU.Build.0 = Release|Any CPU
		{F50F3B79-BC26-4857-A7AD-6E64F10F4167}.Debug|Any CPU.ActiveCfg = Debug|Any CPU
		{F50F3B79-BC26-4857-A7AD-6E64F10F4167}.Debug|Any CPU.Build.0 = Debug|Any CPU
		{F50F3B79-BC26-4857-A7AD-6E64F10F4167}.Release|Any CPU.ActiveCfg = Release|Any CPU
		{F50F3B79-BC26-4857-A7AD-6E64F10F4167}.Release|Any CPU.Build.0 = Release|Any CPU
		{19CA198D-2D6A-47F6-8172-69C044DE53B6}.Debug|Any CPU.ActiveCfg = Debug|Any CPU
		{19CA198D-2D6A-47F6-8172-69C044DE53B6}.Debug|Any CPU.Build.0 = Debug|Any CPU
		{19CA198D-2D6A-47F6-8172-69C044DE53B6}.Release|Any CPU.ActiveCfg = Release|Any CPU
		{19CA198D-2D6A-47F6-8172-69C044DE53B6}.Release|Any CPU.Build.0 = Release|Any CPU
		{92172CB7-56EB-4504-A9EE-BE0D7AC38864}.Debug|Any CPU.ActiveCfg = Debug|Any CPU
		{92172CB7-56EB-4504-A9EE-BE0D7AC38864}.Debug|Any CPU.Build.0 = Debug|Any CPU
		{92172CB7-56EB-4504-A9EE-BE0D7AC38864}.Release|Any CPU.ActiveCfg = Release|Any CPU
		{92172CB7-56EB-4504-A9EE-BE0D7AC38864}.Release|Any CPU.Build.0 = Release|Any CPU
		{AD13F736-8625-4F32-BB5F-FEA58BECE1F0}.Debug|Any CPU.ActiveCfg = Debug|Any CPU
		{AD13F736-8625-4F32-BB5F-FEA58BECE1F0}.Debug|Any CPU.Build.0 = Debug|Any CPU
		{AD13F736-8625-4F32-BB5F-FEA58BECE1F0}.Release|Any CPU.ActiveCfg = Release|Any CPU
		{AD13F736-8625-4F32-BB5F-FEA58BECE1F0}.Release|Any CPU.Build.0 = Release|Any CPU
		{91BFEA64-9DA2-468D-B44C-BCBB73D737C7}.Debug|Any CPU.ActiveCfg = Debug|Any CPU
		{91BFEA64-9DA2-468D-B44C-BCBB73D737C7}.Debug|Any CPU.Build.0 = Debug|Any CPU
		{91BFEA64-9DA2-468D-B44C-BCBB73D737C7}.Release|Any CPU.ActiveCfg = Release|Any CPU
		{91BFEA64-9DA2-468D-B44C-BCBB73D737C7}.Release|Any CPU.Build.0 = Release|Any CPU
		{AC2CB736-904A-4335-A875-EE71490DE218}.Debug|Any CPU.ActiveCfg = Debug|Any CPU
		{AC2CB736-904A-4335-A875-EE71490DE218}.Debug|Any CPU.Build.0 = Debug|Any CPU
		{AC2CB736-904A-4335-A875-EE71490DE218}.Release|Any CPU.ActiveCfg = Release|Any CPU
		{AC2CB736-904A-4335-A875-EE71490DE218}.Release|Any CPU.Build.0 = Release|Any CPU
		{0DBAFA68-DB89-49A8-AD77-BE7F792D4DD9}.Debug|Any CPU.ActiveCfg = Debug|Any CPU
		{0DBAFA68-DB89-49A8-AD77-BE7F792D4DD9}.Debug|Any CPU.Build.0 = Debug|Any CPU
		{0DBAFA68-DB89-49A8-AD77-BE7F792D4DD9}.Release|Any CPU.ActiveCfg = Release|Any CPU
		{0DBAFA68-DB89-49A8-AD77-BE7F792D4DD9}.Release|Any CPU.Build.0 = Release|Any CPU
		{6E4246B6-9BC3-45C5-B0F7-EEB36D78101A}.Debug|Any CPU.ActiveCfg = Debug|Any CPU
		{6E4246B6-9BC3-45C5-B0F7-EEB36D78101A}.Debug|Any CPU.Build.0 = Debug|Any CPU
		{6E4246B6-9BC3-45C5-B0F7-EEB36D78101A}.Release|Any CPU.ActiveCfg = Release|Any CPU
		{6E4246B6-9BC3-45C5-B0F7-EEB36D78101A}.Release|Any CPU.Build.0 = Release|Any CPU
		{22D0FF3B-839B-4066-B5BF-BD66C68EA22F}.Debug|Any CPU.ActiveCfg = Debug|Any CPU
		{22D0FF3B-839B-4066-B5BF-BD66C68EA22F}.Debug|Any CPU.Build.0 = Debug|Any CPU
		{22D0FF3B-839B-4066-B5BF-BD66C68EA22F}.Release|Any CPU.ActiveCfg = Release|Any CPU
		{22D0FF3B-839B-4066-B5BF-BD66C68EA22F}.Release|Any CPU.Build.0 = Release|Any CPU
		{86D3A8BF-50FB-4815-91BC-F7FB0DC29455}.Debug|Any CPU.ActiveCfg = Debug|Any CPU
		{86D3A8BF-50FB-4815-91BC-F7FB0DC29455}.Debug|Any CPU.Build.0 = Debug|Any CPU
		{86D3A8BF-50FB-4815-91BC-F7FB0DC29455}.Release|Any CPU.ActiveCfg = Release|Any CPU
		{86D3A8BF-50FB-4815-91BC-F7FB0DC29455}.Release|Any CPU.Build.0 = Release|Any CPU
		{79646243-92B0-4BFB-A3A4-EBEE7A56A2BA}.Debug|Any CPU.ActiveCfg = Debug|Any CPU
		{79646243-92B0-4BFB-A3A4-EBEE7A56A2BA}.Debug|Any CPU.Build.0 = Debug|Any CPU
		{79646243-92B0-4BFB-A3A4-EBEE7A56A2BA}.Release|Any CPU.ActiveCfg = Release|Any CPU
		{79646243-92B0-4BFB-A3A4-EBEE7A56A2BA}.Release|Any CPU.Build.0 = Release|Any CPU
		{4490FACD-FAA3-4627-ABD9-FE0C08AA918C}.Debug|Any CPU.ActiveCfg = Debug|Any CPU
		{4490FACD-FAA3-4627-ABD9-FE0C08AA918C}.Debug|Any CPU.Build.0 = Debug|Any CPU
		{4490FACD-FAA3-4627-ABD9-FE0C08AA918C}.Release|Any CPU.ActiveCfg = Release|Any CPU
		{4490FACD-FAA3-4627-ABD9-FE0C08AA918C}.Release|Any CPU.Build.0 = Release|Any CPU
		{8C7E6A41-8350-4C8C-B2D5-EE930E64921C}.Debug|Any CPU.ActiveCfg = Debug|Any CPU
		{8C7E6A41-8350-4C8C-B2D5-EE930E64921C}.Debug|Any CPU.Build.0 = Debug|Any CPU
		{8C7E6A41-8350-4C8C-B2D5-EE930E64921C}.Release|Any CPU.ActiveCfg = Release|Any CPU
		{8C7E6A41-8350-4C8C-B2D5-EE930E64921C}.Release|Any CPU.Build.0 = Release|Any CPU
		{ADB94B2B-EC3F-4CA5-BAE0-BBA1EC06D41F}.Debug|Any CPU.ActiveCfg = Debug|Any CPU
		{ADB94B2B-EC3F-4CA5-BAE0-BBA1EC06D41F}.Debug|Any CPU.Build.0 = Debug|Any CPU
		{ADB94B2B-EC3F-4CA5-BAE0-BBA1EC06D41F}.Release|Any CPU.ActiveCfg = Release|Any CPU
		{ADB94B2B-EC3F-4CA5-BAE0-BBA1EC06D41F}.Release|Any CPU.Build.0 = Release|Any CPU
		{DEF6A536-414E-43CD-ABD3-D42B47545224}.Debug|Any CPU.ActiveCfg = Debug|Any CPU
		{DEF6A536-414E-43CD-ABD3-D42B47545224}.Debug|Any CPU.Build.0 = Debug|Any CPU
		{DEF6A536-414E-43CD-ABD3-D42B47545224}.Release|Any CPU.ActiveCfg = Release|Any CPU
		{DEF6A536-414E-43CD-ABD3-D42B47545224}.Release|Any CPU.Build.0 = Release|Any CPU
		{80CB59DC-FC4B-4C26-A70B-33FB1B59F978}.Debug|Any CPU.ActiveCfg = Debug|Any CPU
		{80CB59DC-FC4B-4C26-A70B-33FB1B59F978}.Debug|Any CPU.Build.0 = Debug|Any CPU
		{80CB59DC-FC4B-4C26-A70B-33FB1B59F978}.Release|Any CPU.ActiveCfg = Release|Any CPU
		{80CB59DC-FC4B-4C26-A70B-33FB1B59F978}.Release|Any CPU.Build.0 = Release|Any CPU
		{5C4E521F-CABC-4DA0-9EDD-6C62D7ECCD3A}.Debug|Any CPU.ActiveCfg = Debug|Any CPU
		{5C4E521F-CABC-4DA0-9EDD-6C62D7ECCD3A}.Debug|Any CPU.Build.0 = Debug|Any CPU
		{5C4E521F-CABC-4DA0-9EDD-6C62D7ECCD3A}.Release|Any CPU.ActiveCfg = Release|Any CPU
		{5C4E521F-CABC-4DA0-9EDD-6C62D7ECCD3A}.Release|Any CPU.Build.0 = Release|Any CPU
		{68DF7B2E-ED77-4062-95C2-78257D154F08}.Debug|Any CPU.ActiveCfg = Debug|Any CPU
		{68DF7B2E-ED77-4062-95C2-78257D154F08}.Debug|Any CPU.Build.0 = Debug|Any CPU
		{68DF7B2E-ED77-4062-95C2-78257D154F08}.Release|Any CPU.ActiveCfg = Release|Any CPU
		{68DF7B2E-ED77-4062-95C2-78257D154F08}.Release|Any CPU.Build.0 = Release|Any CPU
		{BD37A428-7456-44BC-8C5C-6844537B5F61}.Debug|Any CPU.ActiveCfg = Debug|Any CPU
		{BD37A428-7456-44BC-8C5C-6844537B5F61}.Debug|Any CPU.Build.0 = Debug|Any CPU
		{BD37A428-7456-44BC-8C5C-6844537B5F61}.Release|Any CPU.ActiveCfg = Release|Any CPU
		{BD37A428-7456-44BC-8C5C-6844537B5F61}.Release|Any CPU.Build.0 = Release|Any CPU
		{CA5478C2-52E2-4C80-9AED-83DF08E43970}.Debug|Any CPU.ActiveCfg = Debug|Any CPU
		{CA5478C2-52E2-4C80-9AED-83DF08E43970}.Debug|Any CPU.Build.0 = Debug|Any CPU
		{CA5478C2-52E2-4C80-9AED-83DF08E43970}.Release|Any CPU.ActiveCfg = Release|Any CPU
		{CA5478C2-52E2-4C80-9AED-83DF08E43970}.Release|Any CPU.Build.0 = Release|Any CPU
		{23590944-F668-4729-BF2C-7882CB06D546}.Debug|Any CPU.ActiveCfg = Debug|Any CPU
		{23590944-F668-4729-BF2C-7882CB06D546}.Debug|Any CPU.Build.0 = Debug|Any CPU
		{23590944-F668-4729-BF2C-7882CB06D546}.Release|Any CPU.ActiveCfg = Release|Any CPU
		{23590944-F668-4729-BF2C-7882CB06D546}.Release|Any CPU.Build.0 = Release|Any CPU
		{77094DB7-61EE-4EFE-8F81-6A6CBF6913B8}.Debug|Any CPU.ActiveCfg = Debug|Any CPU
		{77094DB7-61EE-4EFE-8F81-6A6CBF6913B8}.Debug|Any CPU.Build.0 = Debug|Any CPU
		{77094DB7-61EE-4EFE-8F81-6A6CBF6913B8}.Release|Any CPU.ActiveCfg = Release|Any CPU
		{77094DB7-61EE-4EFE-8F81-6A6CBF6913B8}.Release|Any CPU.Build.0 = Release|Any CPU
		{3F056E5A-2DBA-4B44-8A15-7D8AEE9A1468}.Debug|Any CPU.ActiveCfg = Debug|Any CPU
		{3F056E5A-2DBA-4B44-8A15-7D8AEE9A1468}.Debug|Any CPU.Build.0 = Debug|Any CPU
		{3F056E5A-2DBA-4B44-8A15-7D8AEE9A1468}.Release|Any CPU.ActiveCfg = Release|Any CPU
		{3F056E5A-2DBA-4B44-8A15-7D8AEE9A1468}.Release|Any CPU.Build.0 = Release|Any CPU
		{646BE396-ABA5-4272-BEB7-9235FA6A44C2}.Debug|Any CPU.ActiveCfg = Debug|Any CPU
		{646BE396-ABA5-4272-BEB7-9235FA6A44C2}.Debug|Any CPU.Build.0 = Debug|Any CPU
		{646BE396-ABA5-4272-BEB7-9235FA6A44C2}.Release|Any CPU.ActiveCfg = Release|Any CPU
		{646BE396-ABA5-4272-BEB7-9235FA6A44C2}.Release|Any CPU.Build.0 = Release|Any CPU
		{CA9AFFB6-3EDF-4E5B-B756-9B6D99B47D5A}.Debug|Any CPU.ActiveCfg = Debug|Any CPU
		{CA9AFFB6-3EDF-4E5B-B756-9B6D99B47D5A}.Debug|Any CPU.Build.0 = Debug|Any CPU
		{CA9AFFB6-3EDF-4E5B-B756-9B6D99B47D5A}.Release|Any CPU.ActiveCfg = Release|Any CPU
		{CA9AFFB6-3EDF-4E5B-B756-9B6D99B47D5A}.Release|Any CPU.Build.0 = Release|Any CPU
		{5B16B8C6-388B-4EEE-9EF2-B4E778830897}.Debug|Any CPU.ActiveCfg = Debug|Any CPU
		{5B16B8C6-388B-4EEE-9EF2-B4E778830897}.Debug|Any CPU.Build.0 = Debug|Any CPU
		{5B16B8C6-388B-4EEE-9EF2-B4E778830897}.Release|Any CPU.ActiveCfg = Release|Any CPU
		{5B16B8C6-388B-4EEE-9EF2-B4E778830897}.Release|Any CPU.Build.0 = Release|Any CPU
		{8DC991AE-8B6C-4BE3-83A6-5C2895EF998B}.Debug|Any CPU.ActiveCfg = Debug|Any CPU
		{8DC991AE-8B6C-4BE3-83A6-5C2895EF998B}.Debug|Any CPU.Build.0 = Debug|Any CPU
		{8DC991AE-8B6C-4BE3-83A6-5C2895EF998B}.Release|Any CPU.ActiveCfg = Release|Any CPU
		{8DC991AE-8B6C-4BE3-83A6-5C2895EF998B}.Release|Any CPU.Build.0 = Release|Any CPU
		{215D3B5A-4609-4E5C-A758-571DB45ED98F}.Debug|Any CPU.ActiveCfg = Debug|Any CPU
		{215D3B5A-4609-4E5C-A758-571DB45ED98F}.Debug|Any CPU.Build.0 = Debug|Any CPU
		{215D3B5A-4609-4E5C-A758-571DB45ED98F}.Release|Any CPU.ActiveCfg = Release|Any CPU
		{215D3B5A-4609-4E5C-A758-571DB45ED98F}.Release|Any CPU.Build.0 = Release|Any CPU
		{20B79B7A-7E0B-4DFA-9B2E-D5B8E120D3F0}.Debug|Any CPU.ActiveCfg = Debug|Any CPU
		{20B79B7A-7E0B-4DFA-9B2E-D5B8E120D3F0}.Debug|Any CPU.Build.0 = Debug|Any CPU
		{20B79B7A-7E0B-4DFA-9B2E-D5B8E120D3F0}.Release|Any CPU.ActiveCfg = Release|Any CPU
		{20B79B7A-7E0B-4DFA-9B2E-D5B8E120D3F0}.Release|Any CPU.Build.0 = Release|Any CPU
		{DCAD79E7-61E1-40D3-9D59-7D6084A2A991}.Debug|Any CPU.ActiveCfg = Debug|Any CPU
		{DCAD79E7-61E1-40D3-9D59-7D6084A2A991}.Debug|Any CPU.Build.0 = Debug|Any CPU
		{DCAD79E7-61E1-40D3-9D59-7D6084A2A991}.Release|Any CPU.ActiveCfg = Release|Any CPU
		{DCAD79E7-61E1-40D3-9D59-7D6084A2A991}.Release|Any CPU.Build.0 = Release|Any CPU
		{763C88C5-22EF-4985-B0D8-76A20CB78975}.Debug|Any CPU.ActiveCfg = Debug|Any CPU
		{763C88C5-22EF-4985-B0D8-76A20CB78975}.Debug|Any CPU.Build.0 = Debug|Any CPU
		{763C88C5-22EF-4985-B0D8-76A20CB78975}.Release|Any CPU.ActiveCfg = Release|Any CPU
		{763C88C5-22EF-4985-B0D8-76A20CB78975}.Release|Any CPU.Build.0 = Release|Any CPU
		{40B4BF2D-C766-4AB7-9B79-371A1CB8F573}.Debug|Any CPU.ActiveCfg = Debug|Any CPU
		{40B4BF2D-C766-4AB7-9B79-371A1CB8F573}.Debug|Any CPU.Build.0 = Debug|Any CPU
		{40B4BF2D-C766-4AB7-9B79-371A1CB8F573}.Release|Any CPU.ActiveCfg = Release|Any CPU
		{40B4BF2D-C766-4AB7-9B79-371A1CB8F573}.Release|Any CPU.Build.0 = Release|Any CPU
		{DC69009D-062B-4CC9-93FA-AF19EF0A9699}.Debug|Any CPU.ActiveCfg = Debug|Any CPU
		{DC69009D-062B-4CC9-93FA-AF19EF0A9699}.Debug|Any CPU.Build.0 = Debug|Any CPU
		{DC69009D-062B-4CC9-93FA-AF19EF0A9699}.Release|Any CPU.ActiveCfg = Release|Any CPU
		{DC69009D-062B-4CC9-93FA-AF19EF0A9699}.Release|Any CPU.Build.0 = Release|Any CPU
		{5A2BA1E2-7420-4E8B-922F-C89599053B7F}.Debug|Any CPU.ActiveCfg = Debug|Any CPU
		{5A2BA1E2-7420-4E8B-922F-C89599053B7F}.Debug|Any CPU.Build.0 = Debug|Any CPU
		{5A2BA1E2-7420-4E8B-922F-C89599053B7F}.Release|Any CPU.ActiveCfg = Release|Any CPU
		{5A2BA1E2-7420-4E8B-922F-C89599053B7F}.Release|Any CPU.Build.0 = Release|Any CPU
		{ACE9D2E1-716D-4A04-B8E4-E5E1120DCF7E}.Debug|Any CPU.ActiveCfg = Debug|Any CPU
		{ACE9D2E1-716D-4A04-B8E4-E5E1120DCF7E}.Debug|Any CPU.Build.0 = Debug|Any CPU
		{ACE9D2E1-716D-4A04-B8E4-E5E1120DCF7E}.Release|Any CPU.ActiveCfg = Release|Any CPU
		{ACE9D2E1-716D-4A04-B8E4-E5E1120DCF7E}.Release|Any CPU.Build.0 = Release|Any CPU
		{2D809C89-4D33-4E16-A457-DC5E1694CBE9}.Debug|Any CPU.ActiveCfg = Debug|Any CPU
		{2D809C89-4D33-4E16-A457-DC5E1694CBE9}.Debug|Any CPU.Build.0 = Debug|Any CPU
		{2D809C89-4D33-4E16-A457-DC5E1694CBE9}.Release|Any CPU.ActiveCfg = Release|Any CPU
		{2D809C89-4D33-4E16-A457-DC5E1694CBE9}.Release|Any CPU.Build.0 = Release|Any CPU
		{7368D14F-3493-45B3-9533-703202161B80}.Debug|Any CPU.ActiveCfg = Debug|Any CPU
		{7368D14F-3493-45B3-9533-703202161B80}.Debug|Any CPU.Build.0 = Debug|Any CPU
		{7368D14F-3493-45B3-9533-703202161B80}.Release|Any CPU.ActiveCfg = Release|Any CPU
		{7368D14F-3493-45B3-9533-703202161B80}.Release|Any CPU.Build.0 = Release|Any CPU
		{97965ABD-536D-4952-AE58-273D80C1A11E}.Debug|Any CPU.ActiveCfg = Debug|Any CPU
		{97965ABD-536D-4952-AE58-273D80C1A11E}.Debug|Any CPU.Build.0 = Debug|Any CPU
		{97965ABD-536D-4952-AE58-273D80C1A11E}.Release|Any CPU.ActiveCfg = Release|Any CPU
		{97965ABD-536D-4952-AE58-273D80C1A11E}.Release|Any CPU.Build.0 = Release|Any CPU
		{AFBA943F-13AB-4BD7-B5AB-AEE0C3F64307}.Debug|Any CPU.ActiveCfg = Debug|Any CPU
		{AFBA943F-13AB-4BD7-B5AB-AEE0C3F64307}.Debug|Any CPU.Build.0 = Debug|Any CPU
		{AFBA943F-13AB-4BD7-B5AB-AEE0C3F64307}.Release|Any CPU.ActiveCfg = Release|Any CPU
		{AFBA943F-13AB-4BD7-B5AB-AEE0C3F64307}.Release|Any CPU.Build.0 = Release|Any CPU
		{6590014C-59A5-4C75-98EC-AC0ACAD72AA2}.Debug|Any CPU.ActiveCfg = Debug|Any CPU
		{6590014C-59A5-4C75-98EC-AC0ACAD72AA2}.Debug|Any CPU.Build.0 = Debug|Any CPU
		{6590014C-59A5-4C75-98EC-AC0ACAD72AA2}.Release|Any CPU.ActiveCfg = Release|Any CPU
		{6590014C-59A5-4C75-98EC-AC0ACAD72AA2}.Release|Any CPU.Build.0 = Release|Any CPU
		{924BA61B-1C0C-4EBC-95CD-6D0445BCA782}.Debug|Any CPU.ActiveCfg = Debug|Any CPU
		{924BA61B-1C0C-4EBC-95CD-6D0445BCA782}.Debug|Any CPU.Build.0 = Debug|Any CPU
		{924BA61B-1C0C-4EBC-95CD-6D0445BCA782}.Release|Any CPU.ActiveCfg = Release|Any CPU
		{924BA61B-1C0C-4EBC-95CD-6D0445BCA782}.Release|Any CPU.Build.0 = Release|Any CPU
		{4821C06C-61F5-4C10-AAE4-7EEB37A48EFC}.Debug|Any CPU.ActiveCfg = Debug|Any CPU
		{4821C06C-61F5-4C10-AAE4-7EEB37A48EFC}.Debug|Any CPU.Build.0 = Debug|Any CPU
		{4821C06C-61F5-4C10-AAE4-7EEB37A48EFC}.Release|Any CPU.ActiveCfg = Release|Any CPU
		{4821C06C-61F5-4C10-AAE4-7EEB37A48EFC}.Release|Any CPU.Build.0 = Release|Any CPU
		{4E3E9F20-0E15-439A-A7BF-95817C2BCC71}.Debug|Any CPU.ActiveCfg = Debug|Any CPU
		{4E3E9F20-0E15-439A-A7BF-95817C2BCC71}.Debug|Any CPU.Build.0 = Debug|Any CPU
		{4E3E9F20-0E15-439A-A7BF-95817C2BCC71}.Release|Any CPU.ActiveCfg = Release|Any CPU
		{4E3E9F20-0E15-439A-A7BF-95817C2BCC71}.Release|Any CPU.Build.0 = Release|Any CPU
		{1FE78826-D03C-487E-8ABD-92B0755CE5D5}.Debug|Any CPU.ActiveCfg = Debug|Any CPU
		{1FE78826-D03C-487E-8ABD-92B0755CE5D5}.Debug|Any CPU.Build.0 = Debug|Any CPU
		{1FE78826-D03C-487E-8ABD-92B0755CE5D5}.Release|Any CPU.ActiveCfg = Release|Any CPU
		{1FE78826-D03C-487E-8ABD-92B0755CE5D5}.Release|Any CPU.Build.0 = Release|Any CPU
		{2FF0F884-557E-4E75-8161-A435435D5494}.Debug|Any CPU.ActiveCfg = Debug|Any CPU
		{2FF0F884-557E-4E75-8161-A435435D5494}.Debug|Any CPU.Build.0 = Debug|Any CPU
		{2FF0F884-557E-4E75-8161-A435435D5494}.Release|Any CPU.ActiveCfg = Release|Any CPU
		{2FF0F884-557E-4E75-8161-A435435D5494}.Release|Any CPU.Build.0 = Release|Any CPU
		{E4E0163B-7977-4822-9179-975C51F45EF6}.Debug|Any CPU.ActiveCfg = Debug|Any CPU
		{E4E0163B-7977-4822-9179-975C51F45EF6}.Debug|Any CPU.Build.0 = Debug|Any CPU
		{E4E0163B-7977-4822-9179-975C51F45EF6}.Release|Any CPU.ActiveCfg = Release|Any CPU
		{E4E0163B-7977-4822-9179-975C51F45EF6}.Release|Any CPU.Build.0 = Release|Any CPU
		{A74A83BD-498C-4100-8E3B-BCEE54707495}.Debug|Any CPU.ActiveCfg = Debug|Any CPU
		{A74A83BD-498C-4100-8E3B-BCEE54707495}.Debug|Any CPU.Build.0 = Debug|Any CPU
		{A74A83BD-498C-4100-8E3B-BCEE54707495}.Release|Any CPU.ActiveCfg = Release|Any CPU
		{A74A83BD-498C-4100-8E3B-BCEE54707495}.Release|Any CPU.Build.0 = Release|Any CPU
		{DB667B6B-3FE0-4E88-920E-815406254D6B}.Debug|Any CPU.ActiveCfg = Debug|Any CPU
		{DB667B6B-3FE0-4E88-920E-815406254D6B}.Debug|Any CPU.Build.0 = Debug|Any CPU
		{DB667B6B-3FE0-4E88-920E-815406254D6B}.Release|Any CPU.ActiveCfg = Release|Any CPU
		{DB667B6B-3FE0-4E88-920E-815406254D6B}.Release|Any CPU.Build.0 = Release|Any CPU
		{83915649-536A-4CE2-B1F8-6B9A374B1CEF}.Debug|Any CPU.ActiveCfg = Debug|Any CPU
		{83915649-536A-4CE2-B1F8-6B9A374B1CEF}.Debug|Any CPU.Build.0 = Debug|Any CPU
		{83915649-536A-4CE2-B1F8-6B9A374B1CEF}.Release|Any CPU.ActiveCfg = Release|Any CPU
		{83915649-536A-4CE2-B1F8-6B9A374B1CEF}.Release|Any CPU.Build.0 = Release|Any CPU
		{E5A4C4D4-786F-4B92-8380-16726E9C536C}.Debug|Any CPU.ActiveCfg = Debug|Any CPU
		{E5A4C4D4-786F-4B92-8380-16726E9C536C}.Debug|Any CPU.Build.0 = Debug|Any CPU
		{E5A4C4D4-786F-4B92-8380-16726E9C536C}.Release|Any CPU.ActiveCfg = Release|Any CPU
		{E5A4C4D4-786F-4B92-8380-16726E9C536C}.Release|Any CPU.Build.0 = Release|Any CPU
	EndGlobalSection
	GlobalSection(SolutionProperties) = preSolution
		HideSolutionNode = FALSE
	EndGlobalSection
	GlobalSection(NestedProjects) = preSolution
		{B2698C9D-823F-4D2C-B241-142677F04421} = {4CED27FB-ACBE-4FC2-94A2-D7BF67DB4506}
		{94937C42-9049-4B5D-822E-5AAA47B5F431} = {4CED27FB-ACBE-4FC2-94A2-D7BF67DB4506}
		{96325A73-492F-4EA3-9619-E4A93DE6C8C3} = {4CED27FB-ACBE-4FC2-94A2-D7BF67DB4506}
		{A7BFB5EA-66F0-4ADE-A48B-DFAF082B4581} = {4CED27FB-ACBE-4FC2-94A2-D7BF67DB4506}
		{AC1DCFFC-AC9F-4C82-8D7C-AA9EA3DF343B} = {4CED27FB-ACBE-4FC2-94A2-D7BF67DB4506}
		{1A5BCF68-DEF8-4A60-A5A2-66C0EB059FFD} = {4CED27FB-ACBE-4FC2-94A2-D7BF67DB4506}
		{9486E300-DFEB-484B-ADA4-9CA19E67508F} = {4CED27FB-ACBE-4FC2-94A2-D7BF67DB4506}
		{B2B556A9-62A0-49C0-8B78-101E4E1F601C} = {4CED27FB-ACBE-4FC2-94A2-D7BF67DB4506}
		{7BFF207D-0752-4D3C-8783-F798771D57FF} = {4CED27FB-ACBE-4FC2-94A2-D7BF67DB4506}
		{F50F3B79-BC26-4857-A7AD-6E64F10F4167} = {1DA641E4-FAC5-4664-8A60-2A2809513986}
		{19CA198D-2D6A-47F6-8172-69C044DE53B6} = {1DA641E4-FAC5-4664-8A60-2A2809513986}
		{92172CB7-56EB-4504-A9EE-BE0D7AC38864} = {1DA641E4-FAC5-4664-8A60-2A2809513986}
		{AD13F736-8625-4F32-BB5F-FEA58BECE1F0} = {1DA641E4-FAC5-4664-8A60-2A2809513986}
		{91BFEA64-9DA2-468D-B44C-BCBB73D737C7} = {1DA641E4-FAC5-4664-8A60-2A2809513986}
		{AC2CB736-904A-4335-A875-EE71490DE218} = {1DA641E4-FAC5-4664-8A60-2A2809513986}
		{0DBAFA68-DB89-49A8-AD77-BE7F792D4DD9} = {1DA641E4-FAC5-4664-8A60-2A2809513986}
		{6E4246B6-9BC3-45C5-B0F7-EEB36D78101A} = {1DA641E4-FAC5-4664-8A60-2A2809513986}
		{22D0FF3B-839B-4066-B5BF-BD66C68EA22F} = {1DA641E4-FAC5-4664-8A60-2A2809513986}
		{86D3A8BF-50FB-4815-91BC-F7FB0DC29455} = {9D052444-57E7-4640-9AA3-C9B67BAE6A14}
		{79646243-92B0-4BFB-A3A4-EBEE7A56A2BA} = {9D052444-57E7-4640-9AA3-C9B67BAE6A14}
		{4490FACD-FAA3-4627-ABD9-FE0C08AA918C} = {9D052444-57E7-4640-9AA3-C9B67BAE6A14}
		{8C7E6A41-8350-4C8C-B2D5-EE930E64921C} = {9D052444-57E7-4640-9AA3-C9B67BAE6A14}
		{ADB94B2B-EC3F-4CA5-BAE0-BBA1EC06D41F} = {9D052444-57E7-4640-9AA3-C9B67BAE6A14}
		{DEF6A536-414E-43CD-ABD3-D42B47545224} = {9D052444-57E7-4640-9AA3-C9B67BAE6A14}
		{80CB59DC-FC4B-4C26-A70B-33FB1B59F978} = {9D052444-57E7-4640-9AA3-C9B67BAE6A14}
		{5C4E521F-CABC-4DA0-9EDD-6C62D7ECCD3A} = {7E6F2E43-A3E6-43EB-A127-5B07A21B1393}
		{68DF7B2E-ED77-4062-95C2-78257D154F08} = {7E6F2E43-A3E6-43EB-A127-5B07A21B1393}
		{BD37A428-7456-44BC-8C5C-6844537B5F61} = {7E6F2E43-A3E6-43EB-A127-5B07A21B1393}
		{CA5478C2-52E2-4C80-9AED-83DF08E43970} = {7E6F2E43-A3E6-43EB-A127-5B07A21B1393}
		{23590944-F668-4729-BF2C-7882CB06D546} = {7E6F2E43-A3E6-43EB-A127-5B07A21B1393}
		{77094DB7-61EE-4EFE-8F81-6A6CBF6913B8} = {7E6F2E43-A3E6-43EB-A127-5B07A21B1393}
		{3F056E5A-2DBA-4B44-8A15-7D8AEE9A1468} = {7E6F2E43-A3E6-43EB-A127-5B07A21B1393}
		{646BE396-ABA5-4272-BEB7-9235FA6A44C2} = {66EDCCC2-5618-4FE8-938D-EF83EFBCC402}
		{CA9AFFB6-3EDF-4E5B-B756-9B6D99B47D5A} = {66EDCCC2-5618-4FE8-938D-EF83EFBCC402}
		{5B16B8C6-388B-4EEE-9EF2-B4E778830897} = {66EDCCC2-5618-4FE8-938D-EF83EFBCC402}
		{8DC991AE-8B6C-4BE3-83A6-5C2895EF998B} = {66EDCCC2-5618-4FE8-938D-EF83EFBCC402}
		{215D3B5A-4609-4E5C-A758-571DB45ED98F} = {66EDCCC2-5618-4FE8-938D-EF83EFBCC402}
		{20B79B7A-7E0B-4DFA-9B2E-D5B8E120D3F0} = {66EDCCC2-5618-4FE8-938D-EF83EFBCC402}
		{DCAD79E7-61E1-40D3-9D59-7D6084A2A991} = {66EDCCC2-5618-4FE8-938D-EF83EFBCC402}
		{763C88C5-22EF-4985-B0D8-76A20CB78975} = {66EDCCC2-5618-4FE8-938D-EF83EFBCC402}
		{40B4BF2D-C766-4AB7-9B79-371A1CB8F573} = {3033F70D-7414-4AB5-9F25-D1C49E45E7DE}
		{DC69009D-062B-4CC9-93FA-AF19EF0A9699} = {3033F70D-7414-4AB5-9F25-D1C49E45E7DE}
		{5A2BA1E2-7420-4E8B-922F-C89599053B7F} = {3033F70D-7414-4AB5-9F25-D1C49E45E7DE}
		{ACE9D2E1-716D-4A04-B8E4-E5E1120DCF7E} = {3033F70D-7414-4AB5-9F25-D1C49E45E7DE}
		{2D809C89-4D33-4E16-A457-DC5E1694CBE9} = {3033F70D-7414-4AB5-9F25-D1C49E45E7DE}
		{7368D14F-3493-45B3-9533-703202161B80} = {3033F70D-7414-4AB5-9F25-D1C49E45E7DE}
		{97965ABD-536D-4952-AE58-273D80C1A11E} = {9A975583-DD25-4DA3-9506-8FA33AEEBB1F}
		{AFBA943F-13AB-4BD7-B5AB-AEE0C3F64307} = {9A975583-DD25-4DA3-9506-8FA33AEEBB1F}
		{6590014C-59A5-4C75-98EC-AC0ACAD72AA2} = {9A975583-DD25-4DA3-9506-8FA33AEEBB1F}
		{924BA61B-1C0C-4EBC-95CD-6D0445BCA782} = {9A975583-DD25-4DA3-9506-8FA33AEEBB1F}
		{4821C06C-61F5-4C10-AAE4-7EEB37A48EFC} = {9A975583-DD25-4DA3-9506-8FA33AEEBB1F}
		{4E3E9F20-0E15-439A-A7BF-95817C2BCC71} = {9A975583-DD25-4DA3-9506-8FA33AEEBB1F}
		{1FE78826-D03C-487E-8ABD-92B0755CE5D5} = {9A975583-DD25-4DA3-9506-8FA33AEEBB1F}
		{2FF0F884-557E-4E75-8161-A435435D5494} = {406AC17F-67C9-405F-A375-6A45DBD06905}
		{E4E0163B-7977-4822-9179-975C51F45EF6} = {406AC17F-67C9-405F-A375-6A45DBD06905}
		{A74A83BD-498C-4100-8E3B-BCEE54707495} = {406AC17F-67C9-405F-A375-6A45DBD06905}
		{DB667B6B-3FE0-4E88-920E-815406254D6B} = {406AC17F-67C9-405F-A375-6A45DBD06905}
		{83915649-536A-4CE2-B1F8-6B9A374B1CEF} = {406AC17F-67C9-405F-A375-6A45DBD06905}
		{E5A4C4D4-786F-4B92-8380-16726E9C536C} = {406AC17F-67C9-405F-A375-6A45DBD06905}
	EndGlobalSection
	GlobalSection(ExtensibilityGlobals) = postSolution
		SolutionGuid = {66B5FCF4-B08E-4650-B252-2FC19C42B82D}
	EndGlobalSection
EndGlobal
