
Microsoft Visual Studio Solution File, Format Version 12.00
# Visual Studio Version 17
VisualStudioVersion = 17.3.32804.467
MinimumVisualStudioVersion = 10.0.40219.1
Project("{9A19103F-16F7-4668-BE54-9A1E7A4F7556}") = "DemoDb", "DemoDb\DemoDb.csproj", "{F31E05BE-3A1A-4852-A72D-342A47355523}"
EndProject
Project("{2150E333-8FDC-42A3-9474-1A3956D46DE8}") = "ADO.NET", "ADO.NET", "{A730B86F-6CFF-40A6-8249-33A39FF32A03}"
EndProject
Project("{9A19103F-16F7-4668-BE54-9A1E7A4F7556}") = "InitialSetUp", "InitialSetUp\InitialSetUp.csproj", "{42CE9971-D748-4D4C-93BC-B1F107D2B32D}"
EndProject
Project("{9A19103F-16F7-4668-BE54-9A1E7A4F7556}") = "VillianNames", "VillianNames\VillianNames.csproj", "{EB67D93E-814F-45E4-A244-6B225DC1D80E}"
EndProject
Project("{9A19103F-16F7-4668-BE54-9A1E7A4F7556}") = "MinionNames", "MinionNames\MinionNames.csproj", "{E0D26957-0209-4A88-9238-8532D8B89748}"
EndProject
Project("{2150E333-8FDC-42A3-9474-1A3956D46DE8}") = "MiniORMCore", "MiniORMCore", "{6830A1D2-DECC-4BE3-B58E-D7B770884AB9}"
EndProject
Project("{9A19103F-16F7-4668-BE54-9A1E7A4F7556}") = "MiniORM", "MiniORM\MiniORM.csproj", "{0D8A2C88-EEB6-47DF-81F3-19799F005C4D}"
EndProject
Project("{9A19103F-16F7-4668-BE54-9A1E7A4F7556}") = "TestApp", "TestApp\TestApp.csproj", "{B9D33A32-E447-446A-8CCE-384651BA64E7}"
EndProject
Project("{2150E333-8FDC-42A3-9474-1A3956D46DE8}") = "EFIntroduction", "EFIntroduction", "{D029AFA1-D251-40BA-9E78-FDC036F14CCA}"
EndProject
Project("{9A19103F-16F7-4668-BE54-9A1E7A4F7556}") = "SoftUni", "EFSoftUniDB\SoftUni.csproj", "{2BEDA57E-88DF-4893-8D59-FABE317A2CDA}"
EndProject
Project("{2150E333-8FDC-42A3-9474-1A3956D46DE8}") = "EntityRelations", "EntityRelations", "{EEEAC679-6859-48E9-AF5D-DA5A4C941E67}"
EndProject
Project("{9A19103F-16F7-4668-BE54-9A1E7A4F7556}") = "StudentSystem", "StudentSystem\StudentSystem.csproj", "{D8DDD9A7-AC88-40D8-A26E-B6B6D868908D}"
EndProject
Project("{9A19103F-16F7-4668-BE54-9A1E7A4F7556}") = "StudentSystem.Tests", "StudentSystem.Tests\StudentSystem.Tests.csproj", "{DB26983F-F187-4401-988B-C1BD6D03291A}"
EndProject
Project("{9A19103F-16F7-4668-BE54-9A1E7A4F7556}") = "P03_FootballBetting", "FootballBetting\P03_FootballBetting.csproj", "{EE77B224-16C3-4E3E-9AD5-304818D25B1E}"
EndProject
Project("{9A19103F-16F7-4668-BE54-9A1E7A4F7556}") = "FootballBetting.Tests", "FootballBetting.Tests\FootballBetting.Tests.csproj", "{B74C479F-C1F2-4F9F-9FCA-16427B786151}"
EndProject
Project("{9A19103F-16F7-4668-BE54-9A1E7A4F7556}") = "P03_FootballBetting.Data.Models", "P03_FootballBetting.Data.Models\P03_FootballBetting.Data.Models.csproj", "{F61C92AE-0DCE-4D2D-ABC4-D9BEED2B9078}"
EndProject
Project("{9A19103F-16F7-4668-BE54-9A1E7A4F7556}") = "P03_FootballBetting.Data", "P03_FootballBetting.Data\P03_FootballBetting.Data.csproj", "{23C86C13-5B01-42B1-839F-9C770CACFCB7}"
EndProject
Project("{9A19103F-16F7-4668-BE54-9A1E7A4F7556}") = "MusicHub", "MusicHub\MusicHub.csproj", "{53DCAF85-BD04-4644-9734-10A6DB55FECF}"
EndProject
Project("{2150E333-8FDC-42A3-9474-1A3956D46DE8}") = "LINQ", "LINQ", "{71BBA688-5C0A-4572-86BC-238AE5681183}"
EndProject
Project("{2150E333-8FDC-42A3-9474-1A3956D46DE8}") = "AdvancedQuerying", "AdvancedQuerying", "{718571C6-D444-4E42-A8B5-3C6EA409D151}"
EndProject
Project("{9A19103F-16F7-4668-BE54-9A1E7A4F7556}") = "BookShop", "BookShop\BookShop.csproj", "{08F566F7-607E-4D23-8A2B-48E2FE83E85B}"
EndProject
Project("{9A19103F-16F7-4668-BE54-9A1E7A4F7556}") = "BookShop.Data", "BookShop.Data\BookShop.Data.csproj", "{B885A3CD-42AA-4F55-A14C-488E3C425AE2}"
EndProject
Project("{9A19103F-16F7-4668-BE54-9A1E7A4F7556}") = "BookShop.Models", "BookShop.Models\BookShop.Models.csproj", "{72BD7779-47BC-4F6A-8FE5-4DAEFD781210}"
EndProject
Project("{9A19103F-16F7-4668-BE54-9A1E7A4F7556}") = "BookShop.Initializer", "BookShop.Initializer\BookShop.Initializer.csproj", "{BE7FBA42-E2B7-40E9-BC39-484003786B6D}"
EndProject
Global
	GlobalSection(SolutionConfigurationPlatforms) = preSolution
		Debug|Any CPU = Debug|Any CPU
		Release|Any CPU = Release|Any CPU
	EndGlobalSection
	GlobalSection(ProjectConfigurationPlatforms) = postSolution
		{F31E05BE-3A1A-4852-A72D-342A47355523}.Debug|Any CPU.ActiveCfg = Debug|Any CPU
		{F31E05BE-3A1A-4852-A72D-342A47355523}.Debug|Any CPU.Build.0 = Debug|Any CPU
		{F31E05BE-3A1A-4852-A72D-342A47355523}.Release|Any CPU.ActiveCfg = Release|Any CPU
		{F31E05BE-3A1A-4852-A72D-342A47355523}.Release|Any CPU.Build.0 = Release|Any CPU
		{42CE9971-D748-4D4C-93BC-B1F107D2B32D}.Debug|Any CPU.ActiveCfg = Debug|Any CPU
		{42CE9971-D748-4D4C-93BC-B1F107D2B32D}.Debug|Any CPU.Build.0 = Debug|Any CPU
		{42CE9971-D748-4D4C-93BC-B1F107D2B32D}.Release|Any CPU.ActiveCfg = Release|Any CPU
		{42CE9971-D748-4D4C-93BC-B1F107D2B32D}.Release|Any CPU.Build.0 = Release|Any CPU
		{EB67D93E-814F-45E4-A244-6B225DC1D80E}.Debug|Any CPU.ActiveCfg = Debug|Any CPU
		{EB67D93E-814F-45E4-A244-6B225DC1D80E}.Debug|Any CPU.Build.0 = Debug|Any CPU
		{EB67D93E-814F-45E4-A244-6B225DC1D80E}.Release|Any CPU.ActiveCfg = Release|Any CPU
		{EB67D93E-814F-45E4-A244-6B225DC1D80E}.Release|Any CPU.Build.0 = Release|Any CPU
		{E0D26957-0209-4A88-9238-8532D8B89748}.Debug|Any CPU.ActiveCfg = Debug|Any CPU
		{E0D26957-0209-4A88-9238-8532D8B89748}.Debug|Any CPU.Build.0 = Debug|Any CPU
		{E0D26957-0209-4A88-9238-8532D8B89748}.Release|Any CPU.ActiveCfg = Release|Any CPU
		{E0D26957-0209-4A88-9238-8532D8B89748}.Release|Any CPU.Build.0 = Release|Any CPU
		{0D8A2C88-EEB6-47DF-81F3-19799F005C4D}.Debug|Any CPU.ActiveCfg = Debug|Any CPU
		{0D8A2C88-EEB6-47DF-81F3-19799F005C4D}.Debug|Any CPU.Build.0 = Debug|Any CPU
		{0D8A2C88-EEB6-47DF-81F3-19799F005C4D}.Release|Any CPU.ActiveCfg = Release|Any CPU
		{0D8A2C88-EEB6-47DF-81F3-19799F005C4D}.Release|Any CPU.Build.0 = Release|Any CPU
		{B9D33A32-E447-446A-8CCE-384651BA64E7}.Debug|Any CPU.ActiveCfg = Debug|Any CPU
		{B9D33A32-E447-446A-8CCE-384651BA64E7}.Debug|Any CPU.Build.0 = Debug|Any CPU
		{B9D33A32-E447-446A-8CCE-384651BA64E7}.Release|Any CPU.ActiveCfg = Release|Any CPU
		{B9D33A32-E447-446A-8CCE-384651BA64E7}.Release|Any CPU.Build.0 = Release|Any CPU
		{2BEDA57E-88DF-4893-8D59-FABE317A2CDA}.Debug|Any CPU.ActiveCfg = Debug|Any CPU
		{2BEDA57E-88DF-4893-8D59-FABE317A2CDA}.Debug|Any CPU.Build.0 = Debug|Any CPU
		{2BEDA57E-88DF-4893-8D59-FABE317A2CDA}.Release|Any CPU.ActiveCfg = Release|Any CPU
		{2BEDA57E-88DF-4893-8D59-FABE317A2CDA}.Release|Any CPU.Build.0 = Release|Any CPU
		{D8DDD9A7-AC88-40D8-A26E-B6B6D868908D}.Debug|Any CPU.ActiveCfg = Debug|Any CPU
		{D8DDD9A7-AC88-40D8-A26E-B6B6D868908D}.Debug|Any CPU.Build.0 = Debug|Any CPU
		{D8DDD9A7-AC88-40D8-A26E-B6B6D868908D}.Release|Any CPU.ActiveCfg = Release|Any CPU
		{D8DDD9A7-AC88-40D8-A26E-B6B6D868908D}.Release|Any CPU.Build.0 = Release|Any CPU
		{DB26983F-F187-4401-988B-C1BD6D03291A}.Debug|Any CPU.ActiveCfg = Debug|Any CPU
		{DB26983F-F187-4401-988B-C1BD6D03291A}.Debug|Any CPU.Build.0 = Debug|Any CPU
		{DB26983F-F187-4401-988B-C1BD6D03291A}.Release|Any CPU.ActiveCfg = Release|Any CPU
		{DB26983F-F187-4401-988B-C1BD6D03291A}.Release|Any CPU.Build.0 = Release|Any CPU
		{EE77B224-16C3-4E3E-9AD5-304818D25B1E}.Debug|Any CPU.ActiveCfg = Debug|Any CPU
		{EE77B224-16C3-4E3E-9AD5-304818D25B1E}.Debug|Any CPU.Build.0 = Debug|Any CPU
		{EE77B224-16C3-4E3E-9AD5-304818D25B1E}.Release|Any CPU.ActiveCfg = Release|Any CPU
		{EE77B224-16C3-4E3E-9AD5-304818D25B1E}.Release|Any CPU.Build.0 = Release|Any CPU
		{B74C479F-C1F2-4F9F-9FCA-16427B786151}.Debug|Any CPU.ActiveCfg = Debug|Any CPU
		{B74C479F-C1F2-4F9F-9FCA-16427B786151}.Debug|Any CPU.Build.0 = Debug|Any CPU
		{B74C479F-C1F2-4F9F-9FCA-16427B786151}.Release|Any CPU.ActiveCfg = Release|Any CPU
		{B74C479F-C1F2-4F9F-9FCA-16427B786151}.Release|Any CPU.Build.0 = Release|Any CPU
		{F61C92AE-0DCE-4D2D-ABC4-D9BEED2B9078}.Debug|Any CPU.ActiveCfg = Debug|Any CPU
		{F61C92AE-0DCE-4D2D-ABC4-D9BEED2B9078}.Debug|Any CPU.Build.0 = Debug|Any CPU
		{F61C92AE-0DCE-4D2D-ABC4-D9BEED2B9078}.Release|Any CPU.ActiveCfg = Release|Any CPU
		{F61C92AE-0DCE-4D2D-ABC4-D9BEED2B9078}.Release|Any CPU.Build.0 = Release|Any CPU
		{23C86C13-5B01-42B1-839F-9C770CACFCB7}.Debug|Any CPU.ActiveCfg = Debug|Any CPU
		{23C86C13-5B01-42B1-839F-9C770CACFCB7}.Debug|Any CPU.Build.0 = Debug|Any CPU
		{23C86C13-5B01-42B1-839F-9C770CACFCB7}.Release|Any CPU.ActiveCfg = Release|Any CPU
		{23C86C13-5B01-42B1-839F-9C770CACFCB7}.Release|Any CPU.Build.0 = Release|Any CPU
		{53DCAF85-BD04-4644-9734-10A6DB55FECF}.Debug|Any CPU.ActiveCfg = Debug|Any CPU
		{53DCAF85-BD04-4644-9734-10A6DB55FECF}.Debug|Any CPU.Build.0 = Debug|Any CPU
		{53DCAF85-BD04-4644-9734-10A6DB55FECF}.Release|Any CPU.ActiveCfg = Release|Any CPU
		{53DCAF85-BD04-4644-9734-10A6DB55FECF}.Release|Any CPU.Build.0 = Release|Any CPU
		{08F566F7-607E-4D23-8A2B-48E2FE83E85B}.Debug|Any CPU.ActiveCfg = Debug|Any CPU
		{08F566F7-607E-4D23-8A2B-48E2FE83E85B}.Debug|Any CPU.Build.0 = Debug|Any CPU
		{08F566F7-607E-4D23-8A2B-48E2FE83E85B}.Release|Any CPU.ActiveCfg = Release|Any CPU
		{08F566F7-607E-4D23-8A2B-48E2FE83E85B}.Release|Any CPU.Build.0 = Release|Any CPU
		{B885A3CD-42AA-4F55-A14C-488E3C425AE2}.Debug|Any CPU.ActiveCfg = Debug|Any CPU
		{B885A3CD-42AA-4F55-A14C-488E3C425AE2}.Debug|Any CPU.Build.0 = Debug|Any CPU
		{B885A3CD-42AA-4F55-A14C-488E3C425AE2}.Release|Any CPU.ActiveCfg = Release|Any CPU
		{B885A3CD-42AA-4F55-A14C-488E3C425AE2}.Release|Any CPU.Build.0 = Release|Any CPU
		{72BD7779-47BC-4F6A-8FE5-4DAEFD781210}.Debug|Any CPU.ActiveCfg = Debug|Any CPU
		{72BD7779-47BC-4F6A-8FE5-4DAEFD781210}.Debug|Any CPU.Build.0 = Debug|Any CPU
		{72BD7779-47BC-4F6A-8FE5-4DAEFD781210}.Release|Any CPU.ActiveCfg = Release|Any CPU
		{72BD7779-47BC-4F6A-8FE5-4DAEFD781210}.Release|Any CPU.Build.0 = Release|Any CPU
		{BE7FBA42-E2B7-40E9-BC39-484003786B6D}.Debug|Any CPU.ActiveCfg = Debug|Any CPU
		{BE7FBA42-E2B7-40E9-BC39-484003786B6D}.Debug|Any CPU.Build.0 = Debug|Any CPU
		{BE7FBA42-E2B7-40E9-BC39-484003786B6D}.Release|Any CPU.ActiveCfg = Release|Any CPU
		{BE7FBA42-E2B7-40E9-BC39-484003786B6D}.Release|Any CPU.Build.0 = Release|Any CPU
	EndGlobalSection
	GlobalSection(SolutionProperties) = preSolution
		HideSolutionNode = FALSE
	EndGlobalSection
	GlobalSection(NestedProjects) = preSolution
		{F31E05BE-3A1A-4852-A72D-342A47355523} = {A730B86F-6CFF-40A6-8249-33A39FF32A03}
		{42CE9971-D748-4D4C-93BC-B1F107D2B32D} = {A730B86F-6CFF-40A6-8249-33A39FF32A03}
		{EB67D93E-814F-45E4-A244-6B225DC1D80E} = {A730B86F-6CFF-40A6-8249-33A39FF32A03}
		{E0D26957-0209-4A88-9238-8532D8B89748} = {A730B86F-6CFF-40A6-8249-33A39FF32A03}
		{0D8A2C88-EEB6-47DF-81F3-19799F005C4D} = {6830A1D2-DECC-4BE3-B58E-D7B770884AB9}
		{B9D33A32-E447-446A-8CCE-384651BA64E7} = {6830A1D2-DECC-4BE3-B58E-D7B770884AB9}
		{2BEDA57E-88DF-4893-8D59-FABE317A2CDA} = {D029AFA1-D251-40BA-9E78-FDC036F14CCA}
		{D8DDD9A7-AC88-40D8-A26E-B6B6D868908D} = {EEEAC679-6859-48E9-AF5D-DA5A4C941E67}
		{DB26983F-F187-4401-988B-C1BD6D03291A} = {EEEAC679-6859-48E9-AF5D-DA5A4C941E67}
		{EE77B224-16C3-4E3E-9AD5-304818D25B1E} = {EEEAC679-6859-48E9-AF5D-DA5A4C941E67}
		{B74C479F-C1F2-4F9F-9FCA-16427B786151} = {EEEAC679-6859-48E9-AF5D-DA5A4C941E67}
		{F61C92AE-0DCE-4D2D-ABC4-D9BEED2B9078} = {EEEAC679-6859-48E9-AF5D-DA5A4C941E67}
		{23C86C13-5B01-42B1-839F-9C770CACFCB7} = {EEEAC679-6859-48E9-AF5D-DA5A4C941E67}
		{53DCAF85-BD04-4644-9734-10A6DB55FECF} = {71BBA688-5C0A-4572-86BC-238AE5681183}
		{08F566F7-607E-4D23-8A2B-48E2FE83E85B} = {718571C6-D444-4E42-A8B5-3C6EA409D151}
		{B885A3CD-42AA-4F55-A14C-488E3C425AE2} = {718571C6-D444-4E42-A8B5-3C6EA409D151}
		{72BD7779-47BC-4F6A-8FE5-4DAEFD781210} = {718571C6-D444-4E42-A8B5-3C6EA409D151}
		{BE7FBA42-E2B7-40E9-BC39-484003786B6D} = {718571C6-D444-4E42-A8B5-3C6EA409D151}
	EndGlobalSection
	GlobalSection(ExtensibilityGlobals) = postSolution
		SolutionGuid = {E05CEB43-98A9-4E79-A85D-809A4D10F41B}
	EndGlobalSection
EndGlobal
